// !$*UTF8*$!
{
	archiveVersion = 1;
	classes = {
	};
	objectVersion = 46;
	objects = {

/* Begin PBXBuildFile section */
		304654FB1F09BC5500C4309F /* AppDelegate.swift in Sources */ = {isa = PBXBuildFile; fileRef = 304654FA1F09BC5500C4309F /* AppDelegate.swift */; };
		304654FD1F09BC5500C4309F /* ViewController.swift in Sources */ = {isa = PBXBuildFile; fileRef = 304654FC1F09BC5500C4309F /* ViewController.swift */; };
		304655001F09BC5500C4309F /* Main.storyboard in Resources */ = {isa = PBXBuildFile; fileRef = 304654FE1F09BC5500C4309F /* Main.storyboard */; };
		304655021F09BC5500C4309F /* Assets.xcassets in Resources */ = {isa = PBXBuildFile; fileRef = 304655011F09BC5500C4309F /* Assets.xcassets */; };
		304655051F09BC5500C4309F /* LaunchScreen.storyboard in Resources */ = {isa = PBXBuildFile; fileRef = 304655031F09BC5500C4309F /* LaunchScreen.storyboard */; };
		3046550D1F09D4F300C4309F /* Models.swift in Sources */ = {isa = PBXBuildFile; fileRef = 3046550C1F09D4F300C4309F /* Models.swift */; };
		3046550F1F09E61500C4309F /* GoogleService-Info.plist in Resources */ = {isa = PBXBuildFile; fileRef = 3046550E1F09E61500C4309F /* GoogleService-Info.plist */; };
		30A76F0F1F0E0A2800E44B59 /* Utils.swift in Sources */ = {isa = PBXBuildFile; fileRef = 30A76F0E1F0E0A2800E44B59 /* Utils.swift */; };
		8492167F3F0234390A5BDD19 /* Pods_CakedMobileSwift.framework in Frameworks */ = {isa = PBXBuildFile; fileRef = 4612799B215BA110A421DD57 /* Pods_CakedMobileSwift.framework */; };
/* End PBXBuildFile section */

/* Begin PBXFileReference section */
		304654F71F09BC5500C4309F /* CakedMobileSwift.app */ = {isa = PBXFileReference; explicitFileType = wrapper.application; includeInIndex = 0; path = CakedMobileSwift.app; sourceTree = BUILT_PRODUCTS_DIR; };
		304654FA1F09BC5500C4309F /* AppDelegate.swift */ = {isa = PBXFileReference; lastKnownFileType = sourcecode.swift; path = AppDelegate.swift; sourceTree = "<group>"; };
		304654FC1F09BC5500C4309F /* ViewController.swift */ = {isa = PBXFileReference; lastKnownFileType = sourcecode.swift; path = ViewController.swift; sourceTree = "<group>"; };
		304654FF1F09BC5500C4309F /* Base */ = {isa = PBXFileReference; lastKnownFileType = file.storyboard; name = Base; path = Base.lproj/Main.storyboard; sourceTree = "<group>"; };
		304655011F09BC5500C4309F /* Assets.xcassets */ = {isa = PBXFileReference; lastKnownFileType = folder.assetcatalog; path = Assets.xcassets; sourceTree = "<group>"; };
		304655041F09BC5500C4309F /* Base */ = {isa = PBXFileReference; lastKnownFileType = file.storyboard; name = Base; path = Base.lproj/LaunchScreen.storyboard; sourceTree = "<group>"; };
		304655061F09BC5500C4309F /* Info.plist */ = {isa = PBXFileReference; lastKnownFileType = text.plist.xml; path = Info.plist; sourceTree = "<group>"; };
		3046550C1F09D4F300C4309F /* Models.swift */ = {isa = PBXFileReference; fileEncoding = 4; lastKnownFileType = sourcecode.swift; path = Models.swift; sourceTree = "<group>"; };
		3046550E1F09E61500C4309F /* GoogleService-Info.plist */ = {isa = PBXFileReference; fileEncoding = 4; lastKnownFileType = text.plist.xml; path = "GoogleService-Info.plist"; sourceTree = "<group>"; };
		30A76F0E1F0E0A2800E44B59 /* Utils.swift */ = {isa = PBXFileReference; fileEncoding = 4; lastKnownFileType = sourcecode.swift; path = Utils.swift; sourceTree = "<group>"; };
		4612799B215BA110A421DD57 /* Pods_CakedMobileSwift.framework */ = {isa = PBXFileReference; explicitFileType = wrapper.framework; includeInIndex = 0; path = Pods_CakedMobileSwift.framework; sourceTree = BUILT_PRODUCTS_DIR; };
		4C974232F5E3B4FD69062F4B /* Pods-CakedMobileSwift.release.xcconfig */ = {isa = PBXFileReference; includeInIndex = 1; lastKnownFileType = text.xcconfig; name = "Pods-CakedMobileSwift.release.xcconfig"; path = "Pods/Target Support Files/Pods-CakedMobileSwift/Pods-CakedMobileSwift.release.xcconfig"; sourceTree = "<group>"; };
		53FD72E014E813E2BE92B2A9 /* Pods-CakedMobileSwift.debug.xcconfig */ = {isa = PBXFileReference; includeInIndex = 1; lastKnownFileType = text.xcconfig; name = "Pods-CakedMobileSwift.debug.xcconfig"; path = "Pods/Target Support Files/Pods-CakedMobileSwift/Pods-CakedMobileSwift.debug.xcconfig"; sourceTree = "<group>"; };
/* End PBXFileReference section */

/* Begin PBXFrameworksBuildPhase section */
		304654F41F09BC5500C4309F /* Frameworks */ = {
			isa = PBXFrameworksBuildPhase;
			buildActionMask = 2147483647;
			files = (
				8492167F3F0234390A5BDD19 /* Pods_CakedMobileSwift.framework in Frameworks */,
			);
			runOnlyForDeploymentPostprocessing = 0;
		};
/* End PBXFrameworksBuildPhase section */

/* Begin PBXGroup section */
		2144A15416F462F7C53CCF1F /* Frameworks */ = {
			isa = PBXGroup;
			children = (
				4612799B215BA110A421DD57 /* Pods_CakedMobileSwift.framework */,
			);
			name = Frameworks;
			sourceTree = "<group>";
		};
		304654EE1F09BC5500C4309F = {
			isa = PBXGroup;
			children = (
				304654F91F09BC5500C4309F /* CakedMobileSwift */,
				304654F81F09BC5500C4309F /* Products */,
				FCFA87F8F33810FEA7AB9AF6 /* Pods */,
				2144A15416F462F7C53CCF1F /* Frameworks */,
			);
			sourceTree = "<group>";
		};
		304654F81F09BC5500C4309F /* Products */ = {
			isa = PBXGroup;
			children = (
				304654F71F09BC5500C4309F /* CakedMobileSwift.app */,
			);
			name = Products;
			sourceTree = "<group>";
		};
		304654F91F09BC5500C4309F /* CakedMobileSwift */ = {
			isa = PBXGroup;
			children = (
				3046550E1F09E61500C4309F /* GoogleService-Info.plist */,
				304654FA1F09BC5500C4309F /* AppDelegate.swift */,
				304654FC1F09BC5500C4309F /* ViewController.swift */,
				304654FE1F09BC5500C4309F /* Main.storyboard */,
				304655011F09BC5500C4309F /* Assets.xcassets */,
				304655031F09BC5500C4309F /* LaunchScreen.storyboard */,
				304655061F09BC5500C4309F /* Info.plist */,
				3046550C1F09D4F300C4309F /* Models.swift */,
				30A76F0E1F0E0A2800E44B59 /* Utils.swift */,
			);
			path = CakedMobileSwift;
			sourceTree = "<group>";
		};
		FCFA87F8F33810FEA7AB9AF6 /* Pods */ = {
			isa = PBXGroup;
			children = (
				53FD72E014E813E2BE92B2A9 /* Pods-CakedMobileSwift.debug.xcconfig */,
				4C974232F5E3B4FD69062F4B /* Pods-CakedMobileSwift.release.xcconfig */,
			);
			name = Pods;
			sourceTree = "<group>";
		};
/* End PBXGroup section */

/* Begin PBXNativeTarget section */
		304654F61F09BC5500C4309F /* CakedMobileSwift */ = {
			isa = PBXNativeTarget;
			buildConfigurationList = 304655091F09BC5500C4309F /* Build configuration list for PBXNativeTarget "CakedMobileSwift" */;
			buildPhases = (
				B2D5ECF60213F08370EAE422 /* [CP] Check Pods Manifest.lock */,
				304654F31F09BC5500C4309F /* Sources */,
				304654F41F09BC5500C4309F /* Frameworks */,
				304654F51F09BC5500C4309F /* Resources */,
				C1EBB8639BB232F4A59DF3AC /* [CP] Embed Pods Frameworks */,
				65AD7B8523856BCD96308E6B /* [CP] Copy Pods Resources */,
			);
			buildRules = (
			);
			dependencies = (
			);
			name = CakedMobileSwift;
			productName = CakedMobileSwift;
			productReference = 304654F71F09BC5500C4309F /* CakedMobileSwift.app */;
			productType = "com.apple.product-type.application";
		};
/* End PBXNativeTarget section */

/* Begin PBXProject section */
		304654EF1F09BC5500C4309F /* Project object */ = {
			isa = PBXProject;
			attributes = {
				LastSwiftUpdateCheck = 0830;
				LastUpgradeCheck = 0830;
				ORGANIZATIONNAME = "Hieu Do";
				TargetAttributes = {
					304654F61F09BC5500C4309F = {
						CreatedOnToolsVersion = 8.3.3;
						ProvisioningStyle = Automatic;
					};
				};
			};
			buildConfigurationList = 304654F21F09BC5500C4309F /* Build configuration list for PBXProject "CakedMobileSwift" */;
			compatibilityVersion = "Xcode 3.2";
			developmentRegion = English;
			hasScannedForEncodings = 0;
			knownRegions = (
				en,
				Base,
			);
			mainGroup = 304654EE1F09BC5500C4309F;
			productRefGroup = 304654F81F09BC5500C4309F /* Products */;
			projectDirPath = "";
			projectRoot = "";
			targets = (
				304654F61F09BC5500C4309F /* CakedMobileSwift */,
			);
		};
/* End PBXProject section */

/* Begin PBXResourcesBuildPhase section */
		304654F51F09BC5500C4309F /* Resources */ = {
			isa = PBXResourcesBuildPhase;
			buildActionMask = 2147483647;
			files = (
				304655051F09BC5500C4309F /* LaunchScreen.storyboard in Resources */,
				3046550F1F09E61500C4309F /* GoogleService-Info.plist in Resources */,
				304655021F09BC5500C4309F /* Assets.xcassets in Resources */,
				304655001F09BC5500C4309F /* Main.storyboard in Resources */,
			);
			runOnlyForDeploymentPostprocessing = 0;
		};
/* End PBXResourcesBuildPhase section */

/* Begin PBXShellScriptBuildPhase section */
		65AD7B8523856BCD96308E6B /* [CP] Copy Pods Resources */ = {
			isa = PBXShellScriptBuildPhase;
			buildActionMask = 2147483647;
			files = (
			);
			inputPaths = (
			);
			name = "[CP] Copy Pods Resources";
			outputPaths = (
			);
			runOnlyForDeploymentPostprocessing = 0;
			shellPath = /bin/sh;
			shellScript = "\"${SRCROOT}/Pods/Target Support Files/Pods-CakedMobileSwift/Pods-CakedMobileSwift-resources.sh\"\n";
			showEnvVarsInLog = 0;
		};
		B2D5ECF60213F08370EAE422 /* [CP] Check Pods Manifest.lock */ = {
			isa = PBXShellScriptBuildPhase;
			buildActionMask = 2147483647;
			files = (
			);
			inputPaths = (
			);
			name = "[CP] Check Pods Manifest.lock";
			outputPaths = (
			);
			runOnlyForDeploymentPostprocessing = 0;
			shellPath = /bin/sh;
			shellScript = "diff \"${PODS_PODFILE_DIR_PATH}/Podfile.lock\" \"${PODS_ROOT}/Manifest.lock\" > /dev/null\nif [ $? != 0 ] ; then\n    # print error to STDERR\n    echo \"error: The sandbox is not in sync with the Podfile.lock. Run 'pod install' or update your CocoaPods installation.\" >&2\n    exit 1\nfi\n";
			showEnvVarsInLog = 0;
		};
		C1EBB8639BB232F4A59DF3AC /* [CP] Embed Pods Frameworks */ = {
			isa = PBXShellScriptBuildPhase;
			buildActionMask = 2147483647;
			files = (
			);
			inputPaths = (
			);
			name = "[CP] Embed Pods Frameworks";
			outputPaths = (
			);
			runOnlyForDeploymentPostprocessing = 0;
			shellPath = /bin/sh;
			shellScript = "\"${SRCROOT}/Pods/Target Support Files/Pods-CakedMobileSwift/Pods-CakedMobileSwift-frameworks.sh\"\n";
			showEnvVarsInLog = 0;
		};
/* End PBXShellScriptBuildPhase section */

/* Begin PBXSourcesBuildPhase section */
		304654F31F09BC5500C4309F /* Sources */ = {
			isa = PBXSourcesBuildPhase;
			buildActionMask = 2147483647;
			files = (
				3046550D1F09D4F300C4309F /* Models.swift in Sources */,
				304654FD1F09BC5500C4309F /* ViewController.swift in Sources */,
				304654FB1F09BC5500C4309F /* AppDelegate.swift in Sources */,
				30A76F0F1F0E0A2800E44B59 /* Utils.swift in Sources */,
			);
			runOnlyForDeploymentPostprocessing = 0;
		};
/* End PBXSourcesBuildPhase section */

/* Begin PBXVariantGroup section */
		304654FE1F09BC5500C4309F /* Main.storyboard */ = {
			isa = PBXVariantGroup;
			children = (
				304654FF1F09BC5500C4309F /* Base */,
			);
			name = Main.storyboard;
			sourceTree = "<group>";
		};
		304655031F09BC5500C4309F /* LaunchScreen.storyboard */ = {
			isa = PBXVariantGroup;
			children = (
				304655041F09BC5500C4309F /* Base */,
			);
			name = LaunchScreen.storyboard;
			sourceTree = "<group>";
		};
/* End PBXVariantGroup section */

/* Begin XCBuildConfiguration section */
		304655071F09BC5500C4309F /* Debug */ = {
			isa = XCBuildConfiguration;
			buildSettings = {
				ALWAYS_SEARCH_USER_PATHS = NO;
				CLANG_ANALYZER_NONNULL = YES;
				CLANG_ANALYZER_NUMBER_OBJECT_CONVERSION = YES_AGGRESSIVE;
				CLANG_CXX_LANGUAGE_STANDARD = "gnu++0x";
				CLANG_CXX_LIBRARY = "libc++";
				CLANG_ENABLE_MODULES = YES;
				CLANG_ENABLE_OBJC_ARC = YES;
				CLANG_WARN_BOOL_CONVERSION = YES;
				CLANG_WARN_CONSTANT_CONVERSION = YES;
				CLANG_WARN_DIRECT_OBJC_ISA_USAGE = YES_ERROR;
				CLANG_WARN_DOCUMENTATION_COMMENTS = YES;
				CLANG_WARN_EMPTY_BODY = YES;
				CLANG_WARN_ENUM_CONVERSION = YES;
				CLANG_WARN_INFINITE_RECURSION = YES;
				CLANG_WARN_INT_CONVERSION = YES;
				CLANG_WARN_OBJC_ROOT_CLASS = YES_ERROR;
				CLANG_WARN_SUSPICIOUS_MOVE = YES;
				CLANG_WARN_UNREACHABLE_CODE = YES;
				CLANG_WARN__DUPLICATE_METHOD_MATCH = YES;
				"CODE_SIGN_IDENTITY[sdk=iphoneos*]" = "iPhone Developer";
				COPY_PHASE_STRIP = NO;
				DEBUG_INFORMATION_FORMAT = dwarf;
				ENABLE_STRICT_OBJC_MSGSEND = YES;
				ENABLE_TESTABILITY = YES;
				GCC_C_LANGUAGE_STANDARD = gnu99;
				GCC_DYNAMIC_NO_PIC = NO;
				GCC_NO_COMMON_BLOCKS = YES;
				GCC_OPTIMIZATION_LEVEL = 0;
				GCC_PREPROCESSOR_DEFINITIONS = (
					"DEBUG=1",
					"$(inherited)",
				);
				GCC_WARN_64_TO_32_BIT_CONVERSION = YES;
				GCC_WARN_ABOUT_RETURN_TYPE = YES_ERROR;
				GCC_WARN_UNDECLARED_SELECTOR = YES;
				GCC_WARN_UNINITIALIZED_AUTOS = YES_AGGRESSIVE;
				GCC_WARN_UNUSED_FUNCTION = YES;
				GCC_WARN_UNUSED_VARIABLE = YES;
				IPHONEOS_DEPLOYMENT_TARGET = 10.3;
				MTL_ENABLE_DEBUG_INFO = YES;
				ONLY_ACTIVE_ARCH = YES;
				SDKROOT = iphoneos;
				SWIFT_ACTIVE_COMPILATION_CONDITIONS = DEBUG;
				SWIFT_OPTIMIZATION_LEVEL = "-Onone";
				TARGETED_DEVICE_FAMILY = "1,2";
			};
			name = Debug;
		};
		304655081F09BC5500C4309F /* Release */ = {
			isa = XCBuildConfiguration;
			buildSettings = {
				ALWAYS_SEARCH_USER_PATHS = NO;
				CLANG_ANALYZER_NONNULL = YES;
				CLANG_ANALYZER_NUMBER_OBJECT_CONVERSION = YES_AGGRESSIVE;
				CLANG_CXX_LANGUAGE_STANDARD = "gnu++0x";
				CLANG_CXX_LIBRARY = "libc++";
				CLANG_ENABLE_MODULES = YES;
				CLANG_ENABLE_OBJC_ARC = YES;
				CLANG_WARN_BOOL_CONVERSION = YES;
				CLANG_WARN_CONSTANT_CONVERSION = YES;
				CLANG_WARN_DIRECT_OBJC_ISA_USAGE = YES_ERROR;
				CLANG_WARN_DOCUMENTATION_COMMENTS = YES;
				CLANG_WARN_EMPTY_BODY = YES;
				CLANG_WARN_ENUM_CONVERSION = YES;
				CLANG_WARN_INFINITE_RECURSION = YES;
				CLANG_WARN_INT_CONVERSION = YES;
				CLANG_WARN_OBJC_ROOT_CLASS = YES_ERROR;
				CLANG_WARN_SUSPICIOUS_MOVE = YES;
				CLANG_WARN_UNREACHABLE_CODE = YES;
				CLANG_WARN__DUPLICATE_METHOD_MATCH = YES;
				"CODE_SIGN_IDENTITY[sdk=iphoneos*]" = "iPhone Developer";
				COPY_PHASE_STRIP = NO;
				DEBUG_INFORMATION_FORMAT = "dwarf-with-dsym";
				ENABLE_NS_ASSERTIONS = NO;
				ENABLE_STRICT_OBJC_MSGSEND = YES;
				GCC_C_LANGUAGE_STANDARD = gnu99;
				GCC_NO_COMMON_BLOCKS = YES;
				GCC_WARN_64_TO_32_BIT_CONVERSION = YES;
				GCC_WARN_ABOUT_RETURN_TYPE = YES_ERROR;
				GCC_WARN_UNDECLARED_SELECTOR = YES;
				GCC_WARN_UNINITIALIZED_AUTOS = YES_AGGRESSIVE;
				GCC_WARN_UNUSED_FUNCTION = YES;
				GCC_WARN_UNUSED_VARIABLE = YES;
				IPHONEOS_DEPLOYMENT_TARGET = 10.3;
				MTL_ENABLE_DEBUG_INFO = NO;
				SDKROOT = iphoneos;
				SWIFT_OPTIMIZATION_LEVEL = "-Owholemodule";
				TARGETED_DEVICE_FAMILY = "1,2";
				VALIDATE_PRODUCT = YES;
			};
			name = Release;
		};
		3046550A1F09BC5500C4309F /* Debug */ = {
			isa = XCBuildConfiguration;
			baseConfigurationReference = 53FD72E014E813E2BE92B2A9 /* Pods-CakedMobileSwift.debug.xcconfig */;
			buildSettings = {
				ASSETCATALOG_COMPILER_APPICON_NAME = AppIcon;
				INFOPLIST_FILE = CakedMobileSwift/Info.plist;
				LD_RUNPATH_SEARCH_PATHS = "$(inherited) @executable_path/Frameworks";
				PRODUCT_BUNDLE_IDENTIFIER = love.caked.CakedMobileSwift;
				PRODUCT_NAME = "$(TARGET_NAME)";
				SWIFT_VERSION = 3.0;
			};
			name = Debug;
		};
		3046550B1F09BC5500C4309F /* Release */ = {
			isa = XCBuildConfiguration;
			baseConfigurationReference = 4C974232F5E3B4FD69062F4B /* Pods-CakedMobileSwift.release.xcconfig */;
			buildSettings = {
				ASSETCATALOG_COMPILER_APPICON_NAME = AppIcon;
				INFOPLIST_FILE = CakedMobileSwift/Info.plist;
				LD_RUNPATH_SEARCH_PATHS = "$(inherited) @executable_path/Frameworks";
				PRODUCT_BUNDLE_IDENTIFIER = love.caked.CakedMobileSwift;
				PRODUCT_NAME = "$(TARGET_NAME)";
				SWIFT_VERSION = 3.0;
			};
			name = Release;
		};
/* End XCBuildConfiguration section */

/* Begin XCConfigurationList section */
		304654F21F09BC5500C4309F /* Build configuration list for PBXProject "CakedMobileSwift" */ = {
			isa = XCConfigurationList;
			buildConfigurations = (
				304655071F09BC5500C4309F /* Debug */,
				304655081F09BC5500C4309F /* Release */,
			);
			defaultConfigurationIsVisible = 0;
			defaultConfigurationName = Release;
		};
		304655091F09BC5500C4309F /* Build configuration list for PBXNativeTarget "CakedMobileSwift" */ = {
			isa = XCConfigurationList;
			buildConfigurations = (
				3046550A1F09BC5500C4309F /* Debug */,
				3046550B1F09BC5500C4309F /* Release */,
			);
			defaultConfigurationIsVisible = 0;
			defaultConfigurationName = Release;
		};
/* End XCConfigurationList section */
	};
	rootObject = 304654EF1F09BC5500C4309F /* Project object */;
}
