// !$*UTF8*$!
{
	archiveVersion = 1;
	classes = {
	};
	objectVersion = 46;
	objects = {

/* Begin PBXBuildFile section */
		DDDECA8B1F09D03F00A973D7 /* AppDelegate.swift in Sources */ = {isa = PBXBuildFile; fileRef = DDDECA8A1F09D03F00A973D7 /* AppDelegate.swift */; };
		DDDECA901F09D03F00A973D7 /* Main.storyboard in Resources */ = {isa = PBXBuildFile; fileRef = DDDECA8E1F09D03F00A973D7 /* Main.storyboard */; };
		DDDECA921F09D03F00A973D7 /* Assets.xcassets in Resources */ = {isa = PBXBuildFile; fileRef = DDDECA911F09D03F00A973D7 /* Assets.xcassets */; };
		DDDECA951F09D03F00A973D7 /* LaunchScreen.storyboard in Resources */ = {isa = PBXBuildFile; fileRef = DDDECA931F09D03F00A973D7 /* LaunchScreen.storyboard */; };
		DDDECA9F1F09D0D100A973D7 /* ColorPalette.swift in Sources */ = {isa = PBXBuildFile; fileRef = DDDECA9E1F09D0D100A973D7 /* ColorPalette.swift */; };
		DDDECAA11F09D4F300A973D7 /* ControllerStyling.swift in Sources */ = {isa = PBXBuildFile; fileRef = DDDECAA01F09D4F300A973D7 /* ControllerStyling.swift */; };
		DDDECAA51F0A091F00A973D7 /* MainTableViewController.swift in Sources */ = {isa = PBXBuildFile; fileRef = DDDECAA41F0A091F00A973D7 /* MainTableViewController.swift */; };
		DDDECAAA1F0B830400A973D7 /* CategoryItemsTableViewController.swift in Sources */ = {isa = PBXBuildFile; fileRef = DDDECAA91F0B830400A973D7 /* CategoryItemsTableViewController.swift */; };
/* End PBXBuildFile section */

/* Begin PBXFileReference section */
		DDDECA871F09D03F00A973D7 /* Caked.app */ = {isa = PBXFileReference; explicitFileType = wrapper.application; includeInIndex = 0; path = Caked.app; sourceTree = BUILT_PRODUCTS_DIR; };
		DDDECA8A1F09D03F00A973D7 /* AppDelegate.swift */ = {isa = PBXFileReference; lastKnownFileType = sourcecode.swift; path = AppDelegate.swift; sourceTree = "<group>"; };
		DDDECA8F1F09D03F00A973D7 /* Base */ = {isa = PBXFileReference; lastKnownFileType = file.storyboard; name = Base; path = Base.lproj/Main.storyboard; sourceTree = "<group>"; };
		DDDECA911F09D03F00A973D7 /* Assets.xcassets */ = {isa = PBXFileReference; lastKnownFileType = folder.assetcatalog; path = Assets.xcassets; sourceTree = "<group>"; };
		DDDECA941F09D03F00A973D7 /* Base */ = {isa = PBXFileReference; lastKnownFileType = file.storyboard; name = Base; path = Base.lproj/LaunchScreen.storyboard; sourceTree = "<group>"; };
		DDDECA961F09D03F00A973D7 /* Info.plist */ = {isa = PBXFileReference; lastKnownFileType = text.plist.xml; path = Info.plist; sourceTree = "<group>"; };
		DDDECA9E1F09D0D100A973D7 /* ColorPalette.swift */ = {isa = PBXFileReference; fileEncoding = 4; lastKnownFileType = sourcecode.swift; path = ColorPalette.swift; sourceTree = "<group>"; };
		DDDECAA01F09D4F300A973D7 /* ControllerStyling.swift */ = {isa = PBXFileReference; fileEncoding = 4; lastKnownFileType = sourcecode.swift; path = ControllerStyling.swift; sourceTree = "<group>"; };
		DDDECAA41F0A091F00A973D7 /* MainTableViewController.swift */ = {isa = PBXFileReference; fileEncoding = 4; lastKnownFileType = sourcecode.swift; path = MainTableViewController.swift; sourceTree = "<group>"; };
		DDDECAA91F0B830400A973D7 /* CategoryItemsTableViewController.swift */ = {isa = PBXFileReference; fileEncoding = 4; lastKnownFileType = sourcecode.swift; path = CategoryItemsTableViewController.swift; sourceTree = "<group>"; };
/* End PBXFileReference section */

/* Begin PBXFrameworksBuildPhase section */
		DDDECA841F09D03F00A973D7 /* Frameworks */ = {
			isa = PBXFrameworksBuildPhase;
			buildActionMask = 2147483647;
			files = (
			);
			runOnlyForDeploymentPostprocessing = 0;
		};
/* End PBXFrameworksBuildPhase section */

/* Begin PBXGroup section */
		DDDECA7E1F09D03F00A973D7 = {
			isa = PBXGroup;
			children = (
				DDDECA891F09D03F00A973D7 /* Caked */,
				DDDECA881F09D03F00A973D7 /* Products */,
			);
			sourceTree = "<group>";
		};
		DDDECA881F09D03F00A973D7 /* Products */ = {
			isa = PBXGroup;
			children = (
				DDDECA871F09D03F00A973D7 /* Caked.app */,
			);
			name = Products;
			sourceTree = "<group>";
		};
		DDDECA891F09D03F00A973D7 /* Caked */ = {
			isa = PBXGroup;
			children = (
				DDDECAA71F0A0A8C00A973D7 /* General */,
				DDDECAA61F0A0A7800A973D7 /* Models */,
				DDDECA9C1F09D04A00A973D7 /* Storyboards */,
				DDDECAA31F0A08F700A973D7 /* Controllers */,
				DDDECA9D1F09D0BC00A973D7 /* Style */,
			);
			path = Caked;
			sourceTree = "<group>";
		};
		DDDECA9C1F09D04A00A973D7 /* Storyboards */ = {
			isa = PBXGroup;
			children = (
				DDDECA8E1F09D03F00A973D7 /* Main.storyboard */,
				DDDECA931F09D03F00A973D7 /* LaunchScreen.storyboard */,
			);
			name = Storyboards;
			sourceTree = "<group>";
		};
		DDDECA9D1F09D0BC00A973D7 /* Style */ = {
			isa = PBXGroup;
			children = (
				DDDECA9E1F09D0D100A973D7 /* ColorPalette.swift */,
				DDDECAA01F09D4F300A973D7 /* ControllerStyling.swift */,
				DDDECA911F09D03F00A973D7 /* Assets.xcassets */,
			);
			name = Style;
			sourceTree = "<group>";
		};
		DDDECAA31F0A08F700A973D7 /* Controllers */ = {
			isa = PBXGroup;
			children = (
				DDDECAA41F0A091F00A973D7 /* MainTableViewController.swift */,
				DDDECAA91F0B830400A973D7 /* CategoryItemsTableViewController.swift */,
			);
			name = Controllers;
			sourceTree = "<group>";
		};
		DDDECAA61F0A0A7800A973D7 /* Models */ = {
			isa = PBXGroup;
			children = (
			);
			name = Models;
			sourceTree = "<group>";
		};
		DDDECAA71F0A0A8C00A973D7 /* General */ = {
			isa = PBXGroup;
			children = (
				DDDECA8A1F09D03F00A973D7 /* AppDelegate.swift */,
				DDDECA961F09D03F00A973D7 /* Info.plist */,
			);
			name = General;
			sourceTree = "<group>";
		};
/* End PBXGroup section */

/* Begin PBXNativeTarget section */
		DDDECA861F09D03F00A973D7 /* Caked */ = {
			isa = PBXNativeTarget;
			buildConfigurationList = DDDECA991F09D03F00A973D7 /* Build configuration list for PBXNativeTarget "Caked" */;
			buildPhases = (
				DDDECA831F09D03F00A973D7 /* Sources */,
				DDDECA841F09D03F00A973D7 /* Frameworks */,
				DDDECA851F09D03F00A973D7 /* Resources */,
			);
			buildRules = (
			);
			dependencies = (
			);
			name = Caked;
			productName = Caked;
			productReference = DDDECA871F09D03F00A973D7 /* Caked.app */;
			productType = "com.apple.product-type.application";
		};
/* End PBXNativeTarget section */

/* Begin PBXProject section */
		DDDECA7F1F09D03F00A973D7 /* Project object */ = {
			isa = PBXProject;
			attributes = {
				LastSwiftUpdateCheck = 0830;
				LastUpgradeCheck = 0830;
				ORGANIZATIONNAME = spaghetticoder;
				TargetAttributes = {
					DDDECA861F09D03F00A973D7 = {
						CreatedOnToolsVersion = 8.3.1;
						DevelopmentTeam = QZ688Q6N5R;
						ProvisioningStyle = Automatic;
					};
				};
			};
			buildConfigurationList = DDDECA821F09D03F00A973D7 /* Build configuration list for PBXProject "Caked" */;
			compatibilityVersion = "Xcode 3.2";
			developmentRegion = English;
			hasScannedForEncodings = 0;
			knownRegions = (
				en,
				Base,
			);
			mainGroup = DDDECA7E1F09D03F00A973D7;
			productRefGroup = DDDECA881F09D03F00A973D7 /* Products */;
			projectDirPath = "";
			projectRoot = "";
			targets = (
				DDDECA861F09D03F00A973D7 /* Caked */,
			);
		};
/* End PBXProject section */

/* Begin PBXResourcesBuildPhase section */
		DDDECA851F09D03F00A973D7 /* Resources */ = {
			isa = PBXResourcesBuildPhase;
			buildActionMask = 2147483647;
			files = (
				DDDECA951F09D03F00A973D7 /* LaunchScreen.storyboard in Resources */,
				DDDECA921F09D03F00A973D7 /* Assets.xcassets in Resources */,
				DDDECA901F09D03F00A973D7 /* Main.storyboard in Resources */,
			);
			runOnlyForDeploymentPostprocessing = 0;
		};
/* End PBXResourcesBuildPhase section */

/* Begin PBXSourcesBuildPhase section */
		DDDECA831F09D03F00A973D7 /* Sources */ = {
			isa = PBXSourcesBuildPhase;
			buildActionMask = 2147483647;
			files = (
				DDDECAAA1F0B830400A973D7 /* CategoryItemsTableViewController.swift in Sources */,
				DDDECAA11F09D4F300A973D7 /* ControllerStyling.swift in Sources */,
				DDDECA8B1F09D03F00A973D7 /* AppDelegate.swift in Sources */,
				DDDECAA51F0A091F00A973D7 /* MainTableViewController.swift in Sources */,
				DDDECA9F1F09D0D100A973D7 /* ColorPalette.swift in Sources */,
			);
			runOnlyForDeploymentPostprocessing = 0;
		};
/* End PBXSourcesBuildPhase section */

/* Begin PBXVariantGroup section */
		DDDECA8E1F09D03F00A973D7 /* Main.storyboard */ = {
			isa = PBXVariantGroup;
			children = (
				DDDECA8F1F09D03F00A973D7 /* Base */,
			);
			name = Main.storyboard;
			sourceTree = "<group>";
		};
		DDDECA931F09D03F00A973D7 /* LaunchScreen.storyboard */ = {
			isa = PBXVariantGroup;
			children = (
				DDDECA941F09D03F00A973D7 /* Base */,
			);
			name = LaunchScreen.storyboard;
			sourceTree = "<group>";
		};
/* End PBXVariantGroup section */

/* Begin XCBuildConfiguration section */
		DDDECA971F09D03F00A973D7 /* Debug */ = {
			isa = XCBuildConfiguration;
			buildSettings = {
				ALWAYS_SEARCH_USER_PATHS = NO;
				CLANG_ANALYZER_NONNULL = YES;
				CLANG_ANALYZER_NUMBER_OBJECT_CONVERSION = YES_AGGRESSIVE;
				CLANG_CXX_LANGUAGE_STANDARD = "gnu++0x";
				CLANG_CXX_LIBRARY = "libc++";
				CLANG_ENABLE_MODULES = YES;
				CLANG_ENABLE_OBJC_ARC = YES;
				CLANG_WARN_BOOL_CONVERSION = YES;
				CLANG_WARN_CONSTANT_CONVERSION = YES;
				CLANG_WARN_DIRECT_OBJC_ISA_USAGE = YES_ERROR;
				CLANG_WARN_DOCUMENTATION_COMMENTS = YES;
				CLANG_WARN_EMPTY_BODY = YES;
				CLANG_WARN_ENUM_CONVERSION = YES;
				CLANG_WARN_INFINITE_RECURSION = YES;
				CLANG_WARN_INT_CONVERSION = YES;
				CLANG_WARN_OBJC_ROOT_CLASS = YES_ERROR;
				CLANG_WARN_SUSPICIOUS_MOVE = YES;
				CLANG_WARN_UNREACHABLE_CODE = YES;
				CLANG_WARN__DUPLICATE_METHOD_MATCH = YES;
				"CODE_SIGN_IDENTITY[sdk=iphoneos*]" = "iPhone Developer";
				COPY_PHASE_STRIP = NO;
				DEBUG_INFORMATION_FORMAT = dwarf;
				ENABLE_STRICT_OBJC_MSGSEND = YES;
				ENABLE_TESTABILITY = YES;
				GCC_C_LANGUAGE_STANDARD = gnu99;
				GCC_DYNAMIC_NO_PIC = NO;
				GCC_NO_COMMON_BLOCKS = YES;
				GCC_OPTIMIZATION_LEVEL = 0;
				GCC_PREPROCESSOR_DEFINITIONS = (
					"DEBUG=1",
					"$(inherited)",
				);
				GCC_WARN_64_TO_32_BIT_CONVERSION = YES;
				GCC_WARN_ABOUT_RETURN_TYPE = YES_ERROR;
				GCC_WARN_UNDECLARED_SELECTOR = YES;
				GCC_WARN_UNINITIALIZED_AUTOS = YES_AGGRESSIVE;
				GCC_WARN_UNUSED_FUNCTION = YES;
				GCC_WARN_UNUSED_VARIABLE = YES;
				IPHONEOS_DEPLOYMENT_TARGET = 9.0;
				MTL_ENABLE_DEBUG_INFO = YES;
				ONLY_ACTIVE_ARCH = YES;
				SDKROOT = iphoneos;
				SWIFT_ACTIVE_COMPILATION_CONDITIONS = DEBUG;
				SWIFT_OPTIMIZATION_LEVEL = "-Onone";
				TARGETED_DEVICE_FAMILY = "1,2";
			};
			name = Debug;
		};
		DDDECA981F09D03F00A973D7 /* Release */ = {
			isa = XCBuildConfiguration;
			buildSettings = {
				ALWAYS_SEARCH_USER_PATHS = NO;
				CLANG_ANALYZER_NONNULL = YES;
				CLANG_ANALYZER_NUMBER_OBJECT_CONVERSION = YES_AGGRESSIVE;
				CLANG_CXX_LANGUAGE_STANDARD = "gnu++0x";
				CLANG_CXX_LIBRARY = "libc++";
				CLANG_ENABLE_MODULES = YES;
				CLANG_ENABLE_OBJC_ARC = YES;
				CLANG_WARN_BOOL_CONVERSION = YES;
				CLANG_WARN_CONSTANT_CONVERSION = YES;
				CLANG_WARN_DIRECT_OBJC_ISA_USAGE = YES_ERROR;
				CLANG_WARN_DOCUMENTATION_COMMENTS = YES;
				CLANG_WARN_EMPTY_BODY = YES;
				CLANG_WARN_ENUM_CONVERSION = YES;
				CLANG_WARN_INFINITE_RECURSION = YES;
				CLANG_WARN_INT_CONVERSION = YES;
				CLANG_WARN_OBJC_ROOT_CLASS = YES_ERROR;
				CLANG_WARN_SUSPICIOUS_MOVE = YES;
				CLANG_WARN_UNREACHABLE_CODE = YES;
				CLANG_WARN__DUPLICATE_METHOD_MATCH = YES;
				"CODE_SIGN_IDENTITY[sdk=iphoneos*]" = "iPhone Developer";
				COPY_PHASE_STRIP = NO;
				DEBUG_INFORMATION_FORMAT = "dwarf-with-dsym";
				ENABLE_NS_ASSERTIONS = NO;
				ENABLE_STRICT_OBJC_MSGSEND = YES;
				GCC_C_LANGUAGE_STANDARD = gnu99;
				GCC_NO_COMMON_BLOCKS = YES;
				GCC_WARN_64_TO_32_BIT_CONVERSION = YES;
				GCC_WARN_ABOUT_RETURN_TYPE = YES_ERROR;
				GCC_WARN_UNDECLARED_SELECTOR = YES;
				GCC_WARN_UNINITIALIZED_AUTOS = YES_AGGRESSIVE;
				GCC_WARN_UNUSED_FUNCTION = YES;
				GCC_WARN_UNUSED_VARIABLE = YES;
				IPHONEOS_DEPLOYMENT_TARGET = 9.0;
				MTL_ENABLE_DEBUG_INFO = NO;
				SDKROOT = iphoneos;
				SWIFT_OPTIMIZATION_LEVEL = "-Owholemodule";
				TARGETED_DEVICE_FAMILY = "1,2";
				VALIDATE_PRODUCT = YES;
			};
			name = Release;
		};
		DDDECA9A1F09D03F00A973D7 /* Debug */ = {
			isa = XCBuildConfiguration;
			buildSettings = {
				ASSETCATALOG_COMPILER_APPICON_NAME = AppIcon;
				DEVELOPMENT_TEAM = QZ688Q6N5R;
				INFOPLIST_FILE = Caked/Info.plist;
				IPHONEOS_DEPLOYMENT_TARGET = 9.0;
				LD_RUNPATH_SEARCH_PATHS = "$(inherited) @executable_path/Frameworks";
				PRODUCT_BUNDLE_IDENTIFIER = spaghetticoder.Caked;
				PRODUCT_NAME = "$(TARGET_NAME)";
				SWIFT_VERSION = 3.0;
			};
			name = Debug;
		};
		DDDECA9B1F09D03F00A973D7 /* Release */ = {
			isa = XCBuildConfiguration;
			buildSettings = {
				ASSETCATALOG_COMPILER_APPICON_NAME = AppIcon;
				DEVELOPMENT_TEAM = QZ688Q6N5R;
				INFOPLIST_FILE = Caked/Info.plist;
				IPHONEOS_DEPLOYMENT_TARGET = 9.0;
				LD_RUNPATH_SEARCH_PATHS = "$(inherited) @executable_path/Frameworks";
				PRODUCT_BUNDLE_IDENTIFIER = spaghetticoder.Caked;
				PRODUCT_NAME = "$(TARGET_NAME)";
				SWIFT_VERSION = 3.0;
			};
			name = Release;
		};
/* End XCBuildConfiguration section */

/* Begin XCConfigurationList section */
		DDDECA821F09D03F00A973D7 /* Build configuration list for PBXProject "Caked" */ = {
			isa = XCConfigurationList;
			buildConfigurations = (
				DDDECA971F09D03F00A973D7 /* Debug */,
				DDDECA981F09D03F00A973D7 /* Release */,
			);
			defaultConfigurationIsVisible = 0;
			defaultConfigurationName = Release;
		};
		DDDECA991F09D03F00A973D7 /* Build configuration list for PBXNativeTarget "Caked" */ = {
			isa = XCConfigurationList;
			buildConfigurations = (
				DDDECA9A1F09D03F00A973D7 /* Debug */,
				DDDECA9B1F09D03F00A973D7 /* Release */,
			);
			defaultConfigurationIsVisible = 0;
		};
/* End XCConfigurationList section */
	};
	rootObject = DDDECA7F1F09D03F00A973D7 /* Project object */;
}
